
Microsoft Visual Studio Solution File, Format Version 12.00
# Visual Studio Version 17
VisualStudioVersion = 17.0.31912.275
MinimumVisualStudioVersion = 10.0.40219.1
Project("{FAE04EC0-301F-11D3-BF4B-00C04F79EFBC}") = "movie_App", "movie_App\movie_App.csproj", "{27E24D7A-57C5-413F-A0CE-58710AEBCCEB}"
EndProject
Global
	GlobalSection(SolutionConfigurationPlatforms) = preSolution
		Debug|Any CPU = Debug|Any CPU
		Release|Any CPU = Release|Any CPU
	EndGlobalSection
	GlobalSection(ProjectConfigurationPlatforms) = postSolution
		{27E24D7A-57C5-413F-A0CE-58710AEBCCEB}.Debug|Any CPU.ActiveCfg = Debug|Any CPU
		{27E24D7A-57C5-413F-A0CE-58710AEBCCEB}.Debug|Any CPU.Build.0 = Debug|Any CPU
		{27E24D7A-57C5-413F-A0CE-58710AEBCCEB}.Release|Any CPU.ActiveCfg = Release|Any CPU
		{27E24D7A-57C5-413F-A0CE-58710AEBCCEB}.Release|Any CPU.Build.0 = Release|Any CPU
	EndGlobalSection
	GlobalSection(SolutionProperties) = preSolution
		HideSolutionNode = FALSE
	EndGlobalSection
	GlobalSection(ExtensibilityGlobals) = postSolution
		SolutionGuid = {1D4BBEAC-7C5E-4B36-AECC-EE38B09379E9}
	EndGlobalSection
EndGlobal
